Microsoft Visual Studio Solution File, Format Version 11.00
# Visual Studio 2008

Project("{2ADA00A6-265A-5E00-CF80-C8885FB27864}") = "NearSpace", "Assembly-CSharp-firstpass.csproj", "{D52F186F-4738-2158-63EC-09EA979DEB06}"
EndProject
Project("{2ADA00A6-265A-5E00-CF80-C8885FB27864}") = "NearSpace", "Assembly-CSharp.csproj", "{281A5459-1D5A-499F-1832-701CBAE6A3BD}"
EndProject
Project("{2ADA00A6-265A-5E00-CF80-C8885FB27864}") = "NearSpace", "Assembly-UnityScript-firstpass.unityproj", "{F0D3DF4F-CE82-672D-5947-96894ED6DD20}"
EndProject
Global
	GlobalSection(SolutionConfigurationPlatforms) = preSolution
		Debug|Any CPU = Debug|Any CPU
		Release|Any CPU = Release|Any CPU
	EndGlobalSection
	GlobalSection(ProjectConfigurationPlatforms) = postSolution
		{D52F186F-4738-2158-63EC-09EA979DEB06}.Debug|Any CPU.ActiveCfg = Debug|Any CPU
		{D52F186F-4738-2158-63EC-09EA979DEB06}.Debug|Any CPU.Build.0 = Debug|Any CPU
		{D52F186F-4738-2158-63EC-09EA979DEB06}.Release|Any CPU.ActiveCfg = Release|Any CPU
		{D52F186F-4738-2158-63EC-09EA979DEB06}.Release|Any CPU.Build.0 = Release|Any CPU
		{281A5459-1D5A-499F-1832-701CBAE6A3BD}.Debug|Any CPU.ActiveCfg = Debug|Any CPU
		{281A5459-1D5A-499F-1832-701CBAE6A3BD}.Debug|Any CPU.Build.0 = Debug|Any CPU
		{281A5459-1D5A-499F-1832-701CBAE6A3BD}.Release|Any CPU.ActiveCfg = Release|Any CPU
		{281A5459-1D5A-499F-1832-701CBAE6A3BD}.Release|Any CPU.Build.0 = Release|Any CPU
		{F0D3DF4F-CE82-672D-5947-96894ED6DD20}.Debug|Any CPU.ActiveCfg = Debug|Any CPU
		{F0D3DF4F-CE82-672D-5947-96894ED6DD20}.Debug|Any CPU.Build.0 = Debug|Any CPU
		{F0D3DF4F-CE82-672D-5947-96894ED6DD20}.Release|Any CPU.ActiveCfg = Release|Any CPU
		{F0D3DF4F-CE82-672D-5947-96894ED6DD20}.Release|Any CPU.Build.0 = Release|Any CPU
	EndGlobalSection
	GlobalSection(SolutionProperties) = preSolution
		HideSolutionNode = FALSE
	EndGlobalSection
																																																																																																																															GlobalSection(MonoDevelopProperties) = preSolution
		StartupItem = Assembly-CSharp.csproj
		Policies = $0
		$0.TextStylePolicy = $1
		$1.inheritsSet = null
		$1.scope = text/x-csharp
		$0.CSharpFormattingPolicy = $2
		$2.inheritsSet = Mono
		$2.inheritsScope = text/x-csharp
		$2.scope = text/x-csharp
		$0.TextStylePolicy = $3
		$3.FileWidth = 120
		$3.TabWidth = 4
		$3.EolMarker = Unix
		$3.inheritsSet = Mono
		$3.inheritsScope = text/plain
		$3.scope = text/plain
	EndGlobalSection

EndGlobal
